
Microsoft Visual Studio Solution File, Format Version 12.00
# Visual Studio 15
VisualStudioVersion = 15.0.28307.271
MinimumVisualStudioVersion = 10.0.40219.1
Project("{FAE04EC0-301F-11D3-BF4B-00C04F79EFBC}") = "SportsStore.Domain", "SportStore.Domain\SportsStore.Domain.csproj", "{93E2A7F2-841B-4673-BF31-379DA52C6318}"
EndProject
Project("{FAE04EC0-301F-11D3-BF4B-00C04F79EFBC}") = "SportsStore.WebUI", "SportsStore.WebUI\SportsStore.WebUI.csproj", "{2115F7D9-A2A8-4E9D-9729-F18F9BEBA499}"
EndProject
Project("{FAE04EC0-301F-11D3-BF4B-00C04F79EFBC}") = "SportsStore.UnitTests", "SportsStore.UnitTests\SportsStore.UnitTests.csproj", "{C66CE1C4-1097-4024-A7B1-ABBB1F0CAABD}"
EndProject
Global
	GlobalSection(SolutionConfigurationPlatforms) = preSolution
		Debug|Any CPU = Debug|Any CPU
		Release|Any CPU = Release|Any CPU
	EndGlobalSection
	GlobalSection(ProjectConfigurationPlatforms) = postSolution
		{93E2A7F2-841B-4673-BF31-379DA52C6318}.Debug|Any CPU.ActiveCfg = Debug|Any CPU
		{93E2A7F2-841B-4673-BF31-379DA52C6318}.Debug|Any CPU.Build.0 = Debug|Any CPU
		{93E2A7F2-841B-4673-BF31-379DA52C6318}.Release|Any CPU.ActiveCfg = Release|Any CPU
		{93E2A7F2-841B-4673-BF31-379DA52C6318}.Release|Any CPU.Build.0 = Release|Any CPU
		{2115F7D9-A2A8-4E9D-9729-F18F9BEBA499}.Debug|Any CPU.ActiveCfg = Debug|Any CPU
		{2115F7D9-A2A8-4E9D-9729-F18F9BEBA499}.Debug|Any CPU.Build.0 = Debug|Any CPU
		{2115F7D9-A2A8-4E9D-9729-F18F9BEBA499}.Release|Any CPU.ActiveCfg = Release|Any CPU
		{2115F7D9-A2A8-4E9D-9729-F18F9BEBA499}.Release|Any CPU.Build.0 = Release|Any CPU
		{C66CE1C4-1097-4024-A7B1-ABBB1F0CAABD}.Debug|Any CPU.ActiveCfg = Debug|Any CPU
		{C66CE1C4-1097-4024-A7B1-ABBB1F0CAABD}.Debug|Any CPU.Build.0 = Debug|Any CPU
		{C66CE1C4-1097-4024-A7B1-ABBB1F0CAABD}.Release|Any CPU.ActiveCfg = Release|Any CPU
		{C66CE1C4-1097-4024-A7B1-ABBB1F0CAABD}.Release|Any CPU.Build.0 = Release|Any CPU
	EndGlobalSection
	GlobalSection(SolutionProperties) = preSolution
		HideSolutionNode = FALSE
	EndGlobalSection
	GlobalSection(ExtensibilityGlobals) = postSolution
		SolutionGuid = {B476EC98-8089-4243-A8E7-11A5DC7C45C5}
	EndGlobalSection
EndGlobal
